
Microsoft Visual Studio Solution File, Format Version 12.00
# Visual Studio 2013
VisualStudioVersion = 12.0.30110.0
MinimumVisualStudioVersion = 10.0.40219.1
Project("{8BC9CEB8-8B4A-11D0-8D11-00A0C91BC942}") = "创建型模式", "创建型模式\创建型模式.vcxproj", "{3CB24FDF-E705-4F30-850C-47B6730A0BBB}"
EndProject
Project("{8BC9CEB8-8B4A-11D0-8D11-00A0C91BC942}") = "结构型模式", "结构型模式\结构型模式.vcxproj", "{86802D49-1671-442E-BE54-5D4016C0FBE7}"
EndProject
Project("{8BC9CEB8-8B4A-11D0-8D11-00A0C91BC942}") = "行为型模式", "行为型模式\行为型模式.vcxproj", "{E5812278-157C-4D82-8CBF-8BBFB758D637}"
EndProject
Global
	GlobalSection(SolutionConfigurationPlatforms) = preSolution
		Debug|Win32 = Debug|Win32
		Release|Win32 = Release|Win32
	EndGlobalSection
	GlobalSection(ProjectConfigurationPlatforms) = postSolution
		{3CB24FDF-E705-4F30-850C-47B6730A0BBB}.Debug|Win32.ActiveCfg = Debug|Win32
		{3CB24FDF-E705-4F30-850C-47B6730A0BBB}.Debug|Win32.Build.0 = Debug|Win32
		{3CB24FDF-E705-4F30-850C-47B6730A0BBB}.Release|Win32.ActiveCfg = Release|Win32
		{3CB24FDF-E705-4F30-850C-47B6730A0BBB}.Release|Win32.Build.0 = Release|Win32
		{86802D49-1671-442E-BE54-5D4016C0FBE7}.Debug|Win32.ActiveCfg = Debug|Win32
		{86802D49-1671-442E-BE54-5D4016C0FBE7}.Debug|Win32.Build.0 = Debug|Win32
		{86802D49-1671-442E-BE54-5D4016C0FBE7}.Release|Win32.ActiveCfg = Release|Win32
		{86802D49-1671-442E-BE54-5D4016C0FBE7}.Release|Win32.Build.0 = Release|Win32
		{E5812278-157C-4D82-8CBF-8BBFB758D637}.Debug|Win32.ActiveCfg = Debug|Win32
		{E5812278-157C-4D82-8CBF-8BBFB758D637}.Debug|Win32.Build.0 = Debug|Win32
		{E5812278-157C-4D82-8CBF-8BBFB758D637}.Release|Win32.ActiveCfg = Release|Win32
		{E5812278-157C-4D82-8CBF-8BBFB758D637}.Release|Win32.Build.0 = Release|Win32
	EndGlobalSection
	GlobalSection(SolutionProperties) = preSolution
		HideSolutionNode = FALSE
	EndGlobalSection
EndGlobal
